// !$*UTF8*$!
{
	archiveVersion = 1;
	classes = {
	};
	objectVersion = 55;
	objects = {

/* Begin PBXBuildFile section */
		A4D09AD1282DDE60009653ED /* ScheduleAppApp.swift in Sources */ = {isa = PBXBuildFile; fileRef = A4D09AD0282DDE60009653ED /* ScheduleAppApp.swift */; };
		A4D09AD3282DDE60009653ED /* ContentView.swift in Sources */ = {isa = PBXBuildFile; fileRef = A4D09AD2282DDE60009653ED /* ContentView.swift */; };
		A4D09AD5282DDE61009653ED /* Assets.xcassets in Resources */ = {isa = PBXBuildFile; fileRef = A4D09AD4282DDE61009653ED /* Assets.xcassets */; };
		A4D09AD8282DDE61009653ED /* Preview Assets.xcassets in Resources */ = {isa = PBXBuildFile; fileRef = A4D09AD7282DDE61009653ED /* Preview Assets.xcassets */; };
		A4D09ADA282DDE61009653ED /* Persistence.swift in Sources */ = {isa = PBXBuildFile; fileRef = A4D09AD9282DDE61009653ED /* Persistence.swift */; };
		A4D09ADD282DDE61009653ED /* ScheduleApp.xcdatamodeld in Sources */ = {isa = PBXBuildFile; fileRef = A4D09ADB282DDE61009653ED /* ScheduleApp.xcdatamodeld */; };
		A4D09AE7282DDE61009653ED /* ScheduleAppTests.swift in Sources */ = {isa = PBXBuildFile; fileRef = A4D09AE6282DDE61009653ED /* ScheduleAppTests.swift */; };
		A4D09AF1282DDE61009653ED /* ScheduleAppUITests.swift in Sources */ = {isa = PBXBuildFile; fileRef = A4D09AF0282DDE61009653ED /* ScheduleAppUITests.swift */; };
		A4D09AF3282DDE61009653ED /* ScheduleAppUITestsLaunchTests.swift in Sources */ = {isa = PBXBuildFile; fileRef = A4D09AF2282DDE61009653ED /* ScheduleAppUITestsLaunchTests.swift */; };
		A4D09B02282DDFBB009653ED /* Home.swift in Sources */ = {isa = PBXBuildFile; fileRef = A4D09B01282DDFBB009653ED /* Home.swift */; };
		A4D09B04282DE2F4009653ED /* TaskViewModel.swift in Sources */ = {isa = PBXBuildFile; fileRef = A4D09B03282DE2F4009653ED /* TaskViewModel.swift */; };
		A4D09B06282DF8E6009653ED /* AddNewTask.swift in Sources */ = {isa = PBXBuildFile; fileRef = A4D09B05282DF8E6009653ED /* AddNewTask.swift */; };
/* End PBXBuildFile section */

/* Begin PBXContainerItemProxy section */
		A4D09AE3282DDE61009653ED /* PBXContainerItemProxy */ = {
			isa = PBXContainerItemProxy;
			containerPortal = A4D09AC5282DDE5F009653ED /* Project object */;
			proxyType = 1;
			remoteGlobalIDString = A4D09ACC282DDE60009653ED;
			remoteInfo = ScheduleApp;
		};
		A4D09AED282DDE61009653ED /* PBXContainerItemProxy */ = {
			isa = PBXContainerItemProxy;
			containerPortal = A4D09AC5282DDE5F009653ED /* Project object */;
			proxyType = 1;
			remoteGlobalIDString = A4D09ACC282DDE60009653ED;
			remoteInfo = ScheduleApp;
		};
/* End PBXContainerItemProxy section */

/* Begin PBXFileReference section */
		A4D09ACD282DDE60009653ED /* ScheduleApp.app */ = {isa = PBXFileReference; explicitFileType = wrapper.application; includeInIndex = 0; path = ScheduleApp.app; sourceTree = BUILT_PRODUCTS_DIR; };
		A4D09AD0282DDE60009653ED /* ScheduleAppApp.swift */ = {isa = PBXFileReference; lastKnownFileType = sourcecode.swift; path = ScheduleAppApp.swift; sourceTree = "<group>"; };
		A4D09AD2282DDE60009653ED /* ContentView.swift */ = {isa = PBXFileReference; lastKnownFileType = sourcecode.swift; path = ContentView.swift; sourceTree = "<group>"; };
		A4D09AD4282DDE61009653ED /* Assets.xcassets */ = {isa = PBXFileReference; lastKnownFileType = folder.assetcatalog; path = Assets.xcassets; sourceTree = "<group>"; };
		A4D09AD7282DDE61009653ED /* Preview Assets.xcassets */ = {isa = PBXFileReference; lastKnownFileType = folder.assetcatalog; path = "Preview Assets.xcassets"; sourceTree = "<group>"; };
		A4D09AD9282DDE61009653ED /* Persistence.swift */ = {isa = PBXFileReference; lastKnownFileType = sourcecode.swift; path = Persistence.swift; sourceTree = "<group>"; };
		A4D09ADC282DDE61009653ED /* ScheduleApp.xcdatamodel */ = {isa = PBXFileReference; lastKnownFileType = wrapper.xcdatamodel; path = ScheduleApp.xcdatamodel; sourceTree = "<group>"; };
		A4D09AE2282DDE61009653ED /* ScheduleAppTests.xctest */ = {isa = PBXFileReference; explicitFileType = wrapper.cfbundle; includeInIndex = 0; path = ScheduleAppTests.xctest; sourceTree = BUILT_PRODUCTS_DIR; };
		A4D09AE6282DDE61009653ED /* ScheduleAppTests.swift */ = {isa = PBXFileReference; lastKnownFileType = sourcecode.swift; path = ScheduleAppTests.swift; sourceTree = "<group>"; };
		A4D09AEC282DDE61009653ED /* ScheduleAppUITests.xctest */ = {isa = PBXFileReference; explicitFileType = wrapper.cfbundle; includeInIndex = 0; path = ScheduleAppUITests.xctest; sourceTree = BUILT_PRODUCTS_DIR; };
		A4D09AF0282DDE61009653ED /* ScheduleAppUITests.swift */ = {isa = PBXFileReference; lastKnownFileType = sourcecode.swift; path = ScheduleAppUITests.swift; sourceTree = "<group>"; };
		A4D09AF2282DDE61009653ED /* ScheduleAppUITestsLaunchTests.swift */ = {isa = PBXFileReference; lastKnownFileType = sourcecode.swift; path = ScheduleAppUITestsLaunchTests.swift; sourceTree = "<group>"; };
		A4D09B01282DDFBB009653ED /* Home.swift */ = {isa = PBXFileReference; lastKnownFileType = sourcecode.swift; path = Home.swift; sourceTree = "<group>"; };
		A4D09B03282DE2F4009653ED /* TaskViewModel.swift */ = {isa = PBXFileReference; lastKnownFileType = sourcecode.swift; path = TaskViewModel.swift; sourceTree = "<group>"; };
		A4D09B05282DF8E6009653ED /* AddNewTask.swift */ = {isa = PBXFileReference; lastKnownFileType = sourcecode.swift; path = AddNewTask.swift; sourceTree = "<group>"; };
/* End PBXFileReference section */

/* Begin PBXFrameworksBuildPhase section */
		A4D09ACA282DDE60009653ED /* Frameworks */ = {
			isa = PBXFrameworksBuildPhase;
			buildActionMask = 2147483647;
			files = (
			);
			runOnlyForDeploymentPostprocessing = 0;
		};
		A4D09ADF282DDE61009653ED /* Frameworks */ = {
			isa = PBXFrameworksBuildPhase;
			buildActionMask = 2147483647;
			files = (
			);
			runOnlyForDeploymentPostprocessing = 0;
		};
		A4D09AE9282DDE61009653ED /* Frameworks */ = {
			isa = PBXFrameworksBuildPhase;
			buildActionMask = 2147483647;
			files = (
			);
			runOnlyForDeploymentPostprocessing = 0;
		};
/* End PBXFrameworksBuildPhase section */

/* Begin PBXGroup section */
		A4D09AC4282DDE5F009653ED = {
			isa = PBXGroup;
			children = (
				A4D09ACF282DDE60009653ED /* ScheduleApp */,
				A4D09AE5282DDE61009653ED /* ScheduleAppTests */,
				A4D09AEF282DDE61009653ED /* ScheduleAppUITests */,
				A4D09ACE282DDE60009653ED /* Products */,
			);
			sourceTree = "<group>";
		};
		A4D09ACE282DDE60009653ED /* Products */ = {
			isa = PBXGroup;
			children = (
				A4D09ACD282DDE60009653ED /* ScheduleApp.app */,
				A4D09AE2282DDE61009653ED /* ScheduleAppTests.xctest */,
				A4D09AEC282DDE61009653ED /* ScheduleAppUITests.xctest */,
			);
			name = Products;
			sourceTree = "<group>";
		};
		A4D09ACF282DDE60009653ED /* ScheduleApp */ = {
			isa = PBXGroup;
			children = (
				A4D09B00282DDFAF009653ED /* ViewModel */,
				A4D09AFF282DDF9E009653ED /* View */,
				A4D09AD0282DDE60009653ED /* ScheduleAppApp.swift */,
				A4D09AD2282DDE60009653ED /* ContentView.swift */,
				A4D09AD4282DDE61009653ED /* Assets.xcassets */,
				A4D09AD9282DDE61009653ED /* Persistence.swift */,
				A4D09ADB282DDE61009653ED /* ScheduleApp.xcdatamodeld */,
				A4D09AD6282DDE61009653ED /* Preview Content */,
			);
			path = ScheduleApp;
			sourceTree = "<group>";
		};
		A4D09AD6282DDE61009653ED /* Preview Content */ = {
			isa = PBXGroup;
			children = (
				A4D09AD7282DDE61009653ED /* Preview Assets.xcassets */,
			);
			path = "Preview Content";
			sourceTree = "<group>";
		};
		A4D09AE5282DDE61009653ED /* ScheduleAppTests */ = {
			isa = PBXGroup;
			children = (
				A4D09AE6282DDE61009653ED /* ScheduleAppTests.swift */,
			);
			path = ScheduleAppTests;
			sourceTree = "<group>";
		};
		A4D09AEF282DDE61009653ED /* ScheduleAppUITests */ = {
			isa = PBXGroup;
			children = (
				A4D09AF0282DDE61009653ED /* ScheduleAppUITests.swift */,
				A4D09AF2282DDE61009653ED /* ScheduleAppUITestsLaunchTests.swift */,
			);
			path = ScheduleAppUITests;
			sourceTree = "<group>";
		};
		A4D09AFF282DDF9E009653ED /* View */ = {
			isa = PBXGroup;
			children = (
				A4D09B01282DDFBB009653ED /* Home.swift */,
			);
			path = View;
			sourceTree = "<group>";
		};
		A4D09B00282DDFAF009653ED /* ViewModel */ = {
			isa = PBXGroup;
			children = (
				A4D09B03282DE2F4009653ED /* TaskViewModel.swift */,
				A4D09B05282DF8E6009653ED /* AddNewTask.swift */,
			);
			path = ViewModel;
			sourceTree = "<group>";
		};
/* End PBXGroup section */

/* Begin PBXNativeTarget section */
		A4D09ACC282DDE60009653ED /* ScheduleApp */ = {
			isa = PBXNativeTarget;
			buildConfigurationList = A4D09AF6282DDE61009653ED /* Build configuration list for PBXNativeTarget "ScheduleApp" */;
			buildPhases = (
				A4D09AC9282DDE60009653ED /* Sources */,
				A4D09ACA282DDE60009653ED /* Frameworks */,
				A4D09ACB282DDE60009653ED /* Resources */,
			);
			buildRules = (
			);
			dependencies = (
			);
			name = ScheduleApp;
			productName = ScheduleApp;
			productReference = A4D09ACD282DDE60009653ED /* ScheduleApp.app */;
			productType = "com.apple.product-type.application";
		};
		A4D09AE1282DDE61009653ED /* ScheduleAppTests */ = {
			isa = PBXNativeTarget;
			buildConfigurationList = A4D09AF9282DDE61009653ED /* Build configuration list for PBXNativeTarget "ScheduleAppTests" */;
			buildPhases = (
				A4D09ADE282DDE61009653ED /* Sources */,
				A4D09ADF282DDE61009653ED /* Frameworks */,
				A4D09AE0282DDE61009653ED /* Resources */,
			);
			buildRules = (
			);
			dependencies = (
				A4D09AE4282DDE61009653ED /* PBXTargetDependency */,
			);
			name = ScheduleAppTests;
			productName = ScheduleAppTests;
			productReference = A4D09AE2282DDE61009653ED /* ScheduleAppTests.xctest */;
			productType = "com.apple.product-type.bundle.unit-test";
		};
		A4D09AEB282DDE61009653ED /* ScheduleAppUITests */ = {
			isa = PBXNativeTarget;
			buildConfigurationList = A4D09AFC282DDE61009653ED /* Build configuration list for PBXNativeTarget "ScheduleAppUITests" */;
			buildPhases = (
				A4D09AE8282DDE61009653ED /* Sources */,
				A4D09AE9282DDE61009653ED /* Frameworks */,
				A4D09AEA282DDE61009653ED /* Resources */,
			);
			buildRules = (
			);
			dependencies = (
				A4D09AEE282DDE61009653ED /* PBXTargetDependency */,
			);
			name = ScheduleAppUITests;
			productName = ScheduleAppUITests;
			productReference = A4D09AEC282DDE61009653ED /* ScheduleAppUITests.xctest */;
			productType = "com.apple.product-type.bundle.ui-testing";
		};
/* End PBXNativeTarget section */

/* Begin PBXProject section */
		A4D09AC5282DDE5F009653ED /* Project object */ = {
			isa = PBXProject;
			attributes = {
				BuildIndependentTargetsInParallel = 1;
				LastSwiftUpdateCheck = 1330;
				LastUpgradeCheck = 1330;
				TargetAttributes = {
					A4D09ACC282DDE60009653ED = {
						CreatedOnToolsVersion = 13.3.1;
					};
					A4D09AE1282DDE61009653ED = {
						CreatedOnToolsVersion = 13.3.1;
						TestTargetID = A4D09ACC282DDE60009653ED;
					};
					A4D09AEB282DDE61009653ED = {
						CreatedOnToolsVersion = 13.3.1;
						TestTargetID = A4D09ACC282DDE60009653ED;
					};
				};
			};
			buildConfigurationList = A4D09AC8282DDE5F009653ED /* Build configuration list for PBXProject "ScheduleApp" */;
			compatibilityVersion = "Xcode 13.0";
			developmentRegion = en;
			hasScannedForEncodings = 0;
			knownRegions = (
				en,
				Base,
			);
			mainGroup = A4D09AC4282DDE5F009653ED;
			productRefGroup = A4D09ACE282DDE60009653ED /* Products */;
			projectDirPath = "";
			projectRoot = "";
			targets = (
				A4D09ACC282DDE60009653ED /* ScheduleApp */,
				A4D09AE1282DDE61009653ED /* ScheduleAppTests */,
				A4D09AEB282DDE61009653ED /* ScheduleAppUITests */,
			);
		};
/* End PBXProject section */

/* Begin PBXResourcesBuildPhase section */
		A4D09ACB282DDE60009653ED /* Resources */ = {
			isa = PBXResourcesBuildPhase;
			buildActionMask = 2147483647;
			files = (
				A4D09AD8282DDE61009653ED /* Preview Assets.xcassets in Resources */,
				A4D09AD5282DDE61009653ED /* Assets.xcassets in Resources */,
			);
			runOnlyForDeploymentPostprocessing = 0;
		};
		A4D09AE0282DDE61009653ED /* Resources */ = {
			isa = PBXResourcesBuildPhase;
			buildActionMask = 2147483647;
			files = (
			);
			runOnlyForDeploymentPostprocessing = 0;
		};
		A4D09AEA282DDE61009653ED /* Resources */ = {
			isa = PBXResourcesBuildPhase;
			buildActionMask = 2147483647;
			files = (
			);
			runOnlyForDeploymentPostprocessing = 0;
		};
/* End PBXResourcesBuildPhase section */

/* Begin PBXSourcesBuildPhase section */
		A4D09AC9282DDE60009653ED /* Sources */ = {
			isa = PBXSourcesBuildPhase;
			buildActionMask = 2147483647;
			files = (
				A4D09ADA282DDE61009653ED /* Persistence.swift in Sources */,
				A4D09B04282DE2F4009653ED /* TaskViewModel.swift in Sources */,
				A4D09AD3282DDE60009653ED /* ContentView.swift in Sources */,
				A4D09B02282DDFBB009653ED /* Home.swift in Sources */,
				A4D09B06282DF8E6009653ED /* AddNewTask.swift in Sources */,
				A4D09ADD282DDE61009653ED /* ScheduleApp.xcdatamodeld in Sources */,
				A4D09AD1282DDE60009653ED /* ScheduleAppApp.swift in Sources */,
			);
			runOnlyForDeploymentPostprocessing = 0;
		};
		A4D09ADE282DDE61009653ED /* Sources */ = {
			isa = PBXSourcesBuildPhase;
			buildActionMask = 2147483647;
			files = (
				A4D09AE7282DDE61009653ED /* ScheduleAppTests.swift in Sources */,
			);
			runOnlyForDeploymentPostprocessing = 0;
		};
		A4D09AE8282DDE61009653ED /* Sources */ = {
			isa = PBXSourcesBuildPhase;
			buildActionMask = 2147483647;
			files = (
				A4D09AF1282DDE61009653ED /* ScheduleAppUITests.swift in Sources */,
				A4D09AF3282DDE61009653ED /* ScheduleAppUITestsLaunchTests.swift in Sources */,
			);
			runOnlyForDeploymentPostprocessing = 0;
		};
/* End PBXSourcesBuildPhase section */

/* Begin PBXTargetDependency section */
		A4D09AE4282DDE61009653ED /* PBXTargetDependency */ = {
			isa = PBXTargetDependency;
			target = A4D09ACC282DDE60009653ED /* ScheduleApp */;
			targetProxy = A4D09AE3282DDE61009653ED /* PBXContainerItemProxy */;
		};
		A4D09AEE282DDE61009653ED /* PBXTargetDependency */ = {
			isa = PBXTargetDependency;
			target = A4D09ACC282DDE60009653ED /* ScheduleApp */;
			targetProxy = A4D09AED282DDE61009653ED /* PBXContainerItemProxy */;
		};
/* End PBXTargetDependency section */

/* Begin XCBuildConfiguration section */
		A4D09AF4282DDE61009653ED /* Debug */ = {
			isa = XCBuildConfiguration;
			buildSettings = {
				ALWAYS_SEARCH_USER_PATHS = NO;
				CLANG_ANALYZER_NONNULL = YES;
				CLANG_ANALYZER_NUMBER_OBJECT_CONVERSION = YES_AGGRESSIVE;
				CLANG_CXX_LANGUAGE_STANDARD = "gnu++17";
				CLANG_ENABLE_MODULES = YES;
				CLANG_ENABLE_OBJC_ARC = YES;
				CLANG_ENABLE_OBJC_WEAK = YES;
				CLANG_WARN_BLOCK_CAPTURE_AUTORELEASING = YES;
				CLANG_WARN_BOOL_CONVERSION = YES;
				CLANG_WARN_COMMA = YES;
				CLANG_WARN_CONSTANT_CONVERSION = YES;
				CLANG_WARN_DEPRECATED_OBJC_IMPLEMENTATIONS = YES;
				CLANG_WARN_DIRECT_OBJC_ISA_USAGE = YES_ERROR;
				CLANG_WARN_DOCUMENTATION_COMMENTS = YES;
				CLANG_WARN_EMPTY_BODY = YES;
				CLANG_WARN_ENUM_CONVERSION = YES;
				CLANG_WARN_INFINITE_RECURSION = YES;
				CLANG_WARN_INT_CONVERSION = YES;
				CLANG_WARN_NON_LITERAL_NULL_CONVERSION = YES;
				CLANG_WARN_OBJC_IMPLICIT_RETAIN_SELF = YES;
				CLANG_WARN_OBJC_LITERAL_CONVERSION = YES;
				CLANG_WARN_OBJC_ROOT_CLASS = YES_ERROR;
				CLANG_WARN_QUOTED_INCLUDE_IN_FRAMEWORK_HEADER = YES;
				CLANG_WARN_RANGE_LOOP_ANALYSIS = YES;
				CLANG_WARN_STRICT_PROTOTYPES = YES;
				CLANG_WARN_SUSPICIOUS_MOVE = YES;
				CLANG_WARN_UNGUARDED_AVAILABILITY = YES_AGGRESSIVE;
				CLANG_WARN_UNREACHABLE_CODE = YES;
				CLANG_WARN__DUPLICATE_METHOD_MATCH = YES;
				COPY_PHASE_STRIP = NO;
				DEBUG_INFORMATION_FORMAT = dwarf;
				ENABLE_STRICT_OBJC_MSGSEND = YES;
				ENABLE_TESTABILITY = YES;
				GCC_C_LANGUAGE_STANDARD = gnu11;
				GCC_DYNAMIC_NO_PIC = NO;
				GCC_NO_COMMON_BLOCKS = YES;
				GCC_OPTIMIZATION_LEVEL = 0;
				GCC_PREPROCESSOR_DEFINITIONS = (
					"DEBUG=1",
					"$(inherited)",
				);
				GCC_WARN_64_TO_32_BIT_CONVERSION = YES;
				GCC_WARN_ABOUT_RETURN_TYPE = YES_ERROR;
				GCC_WARN_UNDECLARED_SELECTOR = YES;
				GCC_WARN_UNINITIALIZED_AUTOS = YES_AGGRESSIVE;
				GCC_WARN_UNUSED_FUNCTION = YES;
				GCC_WARN_UNUSED_VARIABLE = YES;
				IPHONEOS_DEPLOYMENT_TARGET = 15.4;
				MTL_ENABLE_DEBUG_INFO = INCLUDE_SOURCE;
				MTL_FAST_MATH = YES;
				ONLY_ACTIVE_ARCH = YES;
				SDKROOT = iphoneos;
				SWIFT_ACTIVE_COMPILATION_CONDITIONS = DEBUG;
				SWIFT_OPTIMIZATION_LEVEL = "-Onone";
			};
			name = Debug;
		};
		A4D09AF5282DDE61009653ED /* Release */ = {
			isa = XCBuildConfiguration;
			buildSettings = {
				ALWAYS_SEARCH_USER_PATHS = NO;
				CLANG_ANALYZER_NONNULL = YES;
				CLANG_ANALYZER_NUMBER_OBJECT_CONVERSION = YES_AGGRESSIVE;
				CLANG_CXX_LANGUAGE_STANDARD = "gnu++17";
				CLANG_ENABLE_MODULES = YES;
				CLANG_ENABLE_OBJC_ARC = YES;
				CLANG_ENABLE_OBJC_WEAK = YES;
				CLANG_WARN_BLOCK_CAPTURE_AUTORELEASING = YES;
				CLANG_WARN_BOOL_CONVERSION = YES;
				CLANG_WARN_COMMA = YES;
				CLANG_WARN_CONSTANT_CONVERSION = YES;
				CLANG_WARN_DEPRECATED_OBJC_IMPLEMENTATIONS = YES;
				CLANG_WARN_DIRECT_OBJC_ISA_USAGE = YES_ERROR;
				CLANG_WARN_DOCUMENTATION_COMMENTS = YES;
				CLANG_WARN_EMPTY_BODY = YES;
				CLANG_WARN_ENUM_CONVERSION = YES;
				CLANG_WARN_INFINITE_RECURSION = YES;
				CLANG_WARN_INT_CONVERSION = YES;
				CLANG_WARN_NON_LITERAL_NULL_CONVERSION = YES;
				CLANG_WARN_OBJC_IMPLICIT_RETAIN_SELF = YES;
				CLANG_WARN_OBJC_LITERAL_CONVERSION = YES;
				CLANG_WARN_OBJC_ROOT_CLASS = YES_ERROR;
				CLANG_WARN_QUOTED_INCLUDE_IN_FRAMEWORK_HEADER = YES;
				CLANG_WARN_RANGE_LOOP_ANALYSIS = YES;
				CLANG_WARN_STRICT_PROTOTYPES = YES;
				CLANG_WARN_SUSPICIOUS_MOVE = YES;
				CLANG_WARN_UNGUARDED_AVAILABILITY = YES_AGGRESSIVE;
				CLANG_WARN_UNREACHABLE_CODE = YES;
				CLANG_WARN__DUPLICATE_METHOD_MATCH = YES;
				COPY_PHASE_STRIP = NO;
				DEBUG_INFORMATION_FORMAT = "dwarf-with-dsym";
				ENABLE_NS_ASSERTIONS = NO;
				ENABLE_STRICT_OBJC_MSGSEND = YES;
				GCC_C_LANGUAGE_STANDARD = gnu11;
				GCC_NO_COMMON_BLOCKS = YES;
				GCC_WARN_64_TO_32_BIT_CONVERSION = YES;
				GCC_WARN_ABOUT_RETURN_TYPE = YES_ERROR;
				GCC_WARN_UNDECLARED_SELECTOR = YES;
				GCC_WARN_UNINITIALIZED_AUTOS = YES_AGGRESSIVE;
				GCC_WARN_UNUSED_FUNCTION = YES;
				GCC_WARN_UNUSED_VARIABLE = YES;
				IPHONEOS_DEPLOYMENT_TARGET = 15.4;
				MTL_ENABLE_DEBUG_INFO = NO;
				MTL_FAST_MATH = YES;
				SDKROOT = iphoneos;
				SWIFT_COMPILATION_MODE = wholemodule;
				SWIFT_OPTIMIZATION_LEVEL = "-O";
				VALIDATE_PRODUCT = YES;
			};
			name = Release;
		};
		A4D09AF7282DDE61009653ED /* Debug */ = {
			isa = XCBuildConfiguration;
			buildSettings = {
				ASSETCATALOG_COMPILER_APPICON_NAME = AppIcon;
				ASSETCATALOG_COMPILER_GLOBAL_ACCENT_COLOR_NAME = AccentColor;
				CODE_SIGN_STYLE = Automatic;
				CURRENT_PROJECT_VERSION = 1;
				DEVELOPMENT_ASSET_PATHS = "\"ScheduleApp/Preview Content\"";
				ENABLE_PREVIEWS = YES;
				GENERATE_INFOPLIST_FILE = YES;
				INFOPLIST_KEY_UIApplicationSceneManifest_Generation = YES;
				INFOPLIST_KEY_UIApplicationSupportsIndirectInputEvents = YES;
				INFOPLIST_KEY_UILaunchScreen_Generation = YES;
				INFOPLIST_KEY_UISupportedInterfaceOrientations_iPad = "UIInterfaceOrientationPortrait UIInterfaceOrientationPortraitUpsideDown UIInterfaceOrientationLandscapeLeft UIInterfaceOrientationLandscapeRight";
				INFOPLIST_KEY_UISupportedInterfaceOrientations_iPhone = "UIInterfaceOrientationPortrait UIInterfaceOrientationLandscapeLeft UIInterfaceOrientationLandscapeRight";
				LD_RUNPATH_SEARCH_PATHS = (
					"$(inherited)",
					"@executable_path/Frameworks",
				);
				MARKETING_VERSION = 1.0;
				PRODUCT_BUNDLE_IDENTIFIER = ccayres.playground.ScheduleApp;
				PRODUCT_NAME = "$(TARGET_NAME)";
				SWIFT_EMIT_LOC_STRINGS = YES;
				SWIFT_VERSION = 5.0;
				TARGETED_DEVICE_FAMILY = "1,2";
			};
			name = Debug;
		};
		A4D09AF8282DDE61009653ED /* Release */ = {
			isa = XCBuildConfiguration;
			buildSettings = {
				ASSETCATALOG_COMPILER_APPICON_NAME = AppIcon;
				ASSETCATALOG_COMPILER_GLOBAL_ACCENT_COLOR_NAME = AccentColor;
				CODE_SIGN_STYLE = Automatic;
				CURRENT_PROJECT_VERSION = 1;
				DEVELOPMENT_ASSET_PATHS = "\"ScheduleApp/Preview Content\"";
				ENABLE_PREVIEWS = YES;
				GENERATE_INFOPLIST_FILE = YES;
				INFOPLIST_KEY_UIApplicationSceneManifest_Generation = YES;
				INFOPLIST_KEY_UIApplicationSupportsIndirectInputEvents = YES;
				INFOPLIST_KEY_UILaunchScreen_Generation = YES;
				INFOPLIST_KEY_UISupportedInterfaceOrientations_iPad = "UIInterfaceOrientationPortrait UIInterfaceOrientationPortraitUpsideDown UIInterfaceOrientationLandscapeLeft UIInterfaceOrientationLandscapeRight";
				INFOPLIST_KEY_UISupportedInterfaceOrientations_iPhone = "UIInterfaceOrientationPortrait UIInterfaceOrientationLandscapeLeft UIInterfaceOrientationLandscapeRight";
				LD_RUNPATH_SEARCH_PATHS = (
					"$(inherited)",
					"@executable_path/Frameworks",
				);
				MARKETING_VERSION = 1.0;
				PRODUCT_BUNDLE_IDENTIFIER = ccayres.playground.ScheduleApp;
				PRODUCT_NAME = "$(TARGET_NAME)";
				SWIFT_EMIT_LOC_STRINGS = YES;
				SWIFT_VERSION = 5.0;
				TARGETED_DEVICE_FAMILY = "1,2";
			};
			name = Release;
		};
		A4D09AFA282DDE61009653ED /* Debug */ = {
			isa = XCBuildConfiguration;
			buildSettings = {
				ALWAYS_EMBED_SWIFT_STANDARD_LIBRARIES = YES;
				BUNDLE_LOADER = "$(TEST_HOST)";
				CODE_SIGN_STYLE = Automatic;
				CURRENT_PROJECT_VERSION = 1;
				GENERATE_INFOPLIST_FILE = YES;
				IPHONEOS_DEPLOYMENT_TARGET = 15.4;
				MARKETING_VERSION = 1.0;
				PRODUCT_BUNDLE_IDENTIFIER = ccayres.playground.ScheduleAppTests;
				PRODUCT_NAME = "$(TARGET_NAME)";
				SWIFT_EMIT_LOC_STRINGS = NO;
				SWIFT_VERSION = 5.0;
				TARGETED_DEVICE_FAMILY = "1,2";
				TEST_HOST = "$(BUILT_PRODUCTS_DIR)/ScheduleApp.app/ScheduleApp";
			};
			name = Debug;
		};
		A4D09AFB282DDE61009653ED /* Release */ = {
			isa = XCBuildConfiguration;
			buildSettings = {
				ALWAYS_EMBED_SWIFT_STANDARD_LIBRARIES = YES;
				BUNDLE_LOADER = "$(TEST_HOST)";
				CODE_SIGN_STYLE = Automatic;
				CURRENT_PROJECT_VERSION = 1;
				GENERATE_INFOPLIST_FILE = YES;
				IPHONEOS_DEPLOYMENT_TARGET = 15.4;
				MARKETING_VERSION = 1.0;
				PRODUCT_BUNDLE_IDENTIFIER = ccayres.playground.ScheduleAppTests;
				PRODUCT_NAME = "$(TARGET_NAME)";
				SWIFT_EMIT_LOC_STRINGS = NO;
				SWIFT_VERSION = 5.0;
				TARGETED_DEVICE_FAMILY = "1,2";
				TEST_HOST = "$(BUILT_PRODUCTS_DIR)/ScheduleApp.app/ScheduleApp";
			};
			name = Release;
		};
		A4D09AFD282DDE61009653ED /* Debug */ = {
			isa = XCBuildConfiguration;
			buildSettings = {
				ALWAYS_EMBED_SWIFT_STANDARD_LIBRARIES = YES;
				CODE_SIGN_STYLE = Automatic;
				CURRENT_PROJECT_VERSION = 1;
				GENERATE_INFOPLIST_FILE = YES;
				MARKETING_VERSION = 1.0;
				PRODUCT_BUNDLE_IDENTIFIER = ccayres.playground.ScheduleAppUITests;
				PRODUCT_NAME = "$(TARGET_NAME)";
				SWIFT_EMIT_LOC_STRINGS = NO;
				SWIFT_VERSION = 5.0;
				TARGETED_DEVICE_FAMILY = "1,2";
				TEST_TARGET_NAME = ScheduleApp;
			};
			name = Debug;
		};
		A4D09AFE282DDE61009653ED /* Release */ = {
			isa = XCBuildConfiguration;
			buildSettings = {
				ALWAYS_EMBED_SWIFT_STANDARD_LIBRARIES = YES;
				CODE_SIGN_STYLE = Automatic;
				CURRENT_PROJECT_VERSION = 1;
				GENERATE_INFOPLIST_FILE = YES;
				MARKETING_VERSION = 1.0;
				PRODUCT_BUNDLE_IDENTIFIER = ccayres.playground.ScheduleAppUITests;
				PRODUCT_NAME = "$(TARGET_NAME)";
				SWIFT_EMIT_LOC_STRINGS = NO;
				SWIFT_VERSION = 5.0;
				TARGETED_DEVICE_FAMILY = "1,2";
				TEST_TARGET_NAME = ScheduleApp;
			};
			name = Release;
		};
/* End XCBuildConfiguration section */

/* Begin XCConfigurationList section */
		A4D09AC8282DDE5F009653ED /* Build configuration list for PBXProject "ScheduleApp" */ = {
			isa = XCConfigurationList;
			buildConfigurations = (
				A4D09AF4282DDE61009653ED /* Debug */,
				A4D09AF5282DDE61009653ED /* Release */,
			);
			defaultConfigurationIsVisible = 0;
			defaultConfigurationName = Release;
		};
		A4D09AF6282DDE61009653ED /* Build configuration list for PBXNativeTarget "ScheduleApp" */ = {
			isa = XCConfigurationList;
			buildConfigurations = (
				A4D09AF7282DDE61009653ED /* Debug */,
				A4D09AF8282DDE61009653ED /* Release */,
			);
			defaultConfigurationIsVisible = 0;
			defaultConfigurationName = Release;
		};
		A4D09AF9282DDE61009653ED /* Build configuration list for PBXNativeTarget "ScheduleAppTests" */ = {
			isa = XCConfigurationList;
			buildConfigurations = (
				A4D09AFA282DDE61009653ED /* Debug */,
				A4D09AFB282DDE61009653ED /* Release */,
			);
			defaultConfigurationIsVisible = 0;
			defaultConfigurationName = Release;
		};
		A4D09AFC282DDE61009653ED /* Build configuration list for PBXNativeTarget "ScheduleAppUITests" */ = {
			isa = XCConfigurationList;
			buildConfigurations = (
				A4D09AFD282DDE61009653ED /* Debug */,
				A4D09AFE282DDE61009653ED /* Release */,
			);
			defaultConfigurationIsVisible = 0;
			defaultConfigurationName = Release;
		};
/* End XCConfigurationList section */

/* Begin XCVersionGroup section */
		A4D09ADB282DDE61009653ED /* ScheduleApp.xcdatamodeld */ = {
			isa = XCVersionGroup;
			children = (
				A4D09ADC282DDE61009653ED /* ScheduleApp.xcdatamodel */,
			);
			currentVersion = A4D09ADC282DDE61009653ED /* ScheduleApp.xcdatamodel */;
			path = ScheduleApp.xcdatamodeld;
			sourceTree = "<group>";
			versionGroupType = wrapper.xcdatamodel;
		};
/* End XCVersionGroup section */
	};
	rootObject = A4D09AC5282DDE5F009653ED /* Project object */;
}
